
Microsoft Visual Studio Solution File, Format Version 12.00
# Visual Studio Version 16
VisualStudioVersion = 16.0.30320.27
MinimumVisualStudioVersion = 10.0.40219.1
Project("{9A19103F-16F7-4668-BE54-9A1E7A4F7556}") = "FormatConverter", "FormatConverter\FormatConverter.csproj", "{BF63D5EC-6206-40ED-B573-3C47A3E2EC97}"
EndProject
Project("{FAE04EC0-301F-11D3-BF4B-00C04F79EFBC}") = "Formatter.tests", "Formatter.tests\Formatter.tests.csproj", "{76652221-EEC5-4DC4-AAF4-19457462513D}"
EndProject
Global
	GlobalSection(SolutionConfigurationPlatforms) = preSolution
		Debug|Any CPU = Debug|Any CPU
		Release|Any CPU = Release|Any CPU
	EndGlobalSection
	GlobalSection(ProjectConfigurationPlatforms) = postSolution
		{BF63D5EC-6206-40ED-B573-3C47A3E2EC97}.Debug|Any CPU.ActiveCfg = Debug|Any CPU
		{BF63D5EC-6206-40ED-B573-3C47A3E2EC97}.Debug|Any CPU.Build.0 = Debug|Any CPU
		{BF63D5EC-6206-40ED-B573-3C47A3E2EC97}.Release|Any CPU.ActiveCfg = Release|Any CPU
		{BF63D5EC-6206-40ED-B573-3C47A3E2EC97}.Release|Any CPU.Build.0 = Release|Any CPU
		{76652221-EEC5-4DC4-AAF4-19457462513D}.Debug|Any CPU.ActiveCfg = Debug|Any CPU
		{76652221-EEC5-4DC4-AAF4-19457462513D}.Debug|Any CPU.Build.0 = Debug|Any CPU
		{76652221-EEC5-4DC4-AAF4-19457462513D}.Release|Any CPU.ActiveCfg = Release|Any CPU
		{76652221-EEC5-4DC4-AAF4-19457462513D}.Release|Any CPU.Build.0 = Release|Any CPU
	EndGlobalSection
	GlobalSection(SolutionProperties) = preSolution
		HideSolutionNode = FALSE
	EndGlobalSection
	GlobalSection(ExtensibilityGlobals) = postSolution
		SolutionGuid = {ABDA0F5A-5B8C-4C66-A178-68EFC4ACB31F}
	EndGlobalSection
EndGlobal
